PODS:
  - Alamofire (4.8.2)
  - Backendless (5.2.12):
    - Socket.IO-Client-Swift (~> 14.0.0)
  - Bolts (1.9.0):
    - Bolts/AppLinks (= 1.9.0)
    - Bolts/Tasks (= 1.9.0)
  - Bolts/AppLinks (1.9.0):
    - Bolts/Tasks
  - Bolts/Tasks (1.9.0)
  - Crashlytics (3.12.0):
    - Fabric (~> 1.9.0)
  - Fabric (1.9.0)
  - FBSDKCoreKit (4.44.1):
    - Bolts (~> 1.9)
  - FBSDKLoginKit (4.44.1):
    - FBSDKCoreKit
  - IQKeyboardManager (6.2.1)
  - SDWebImage (5.0.1):
    - SDWebImage/Core (= 5.0.1)
  - SDWebImage/Core (5.0.1)
  - Socket.IO-Client-Swift (14.0.0):
    - Starscream (~> 3.0.6)
  - Starscream (3.0.6)
  - ViewDeck (3.1.0)

DEPENDENCIES:
  - Alamofire
  - Backendless
  - Crashlytics
  - Fabric
  - FBSDKLoginKit
  - IQKeyboardManager
  - SDWebImage
  - ViewDeck

SPEC REPOS:
  https://github.com/cocoapods/specs.git:
    - Alamofire
    - Backendless
    - Bolts
    - Crashlytics
    - Fabric
    - FBSDKCoreKit
    - FBSDKLoginKit
    - IQKeyboardManager
    - SDWebImage
    - Socket.IO-Client-Swift
    - Starscream
    - ViewDeck

SPEC CHECKSUMS:
  Alamofire: ae5c501addb7afdbb13687d7f2f722c78734c2d3
  Backendless: f2c7ff292e0dd225d63104f2218d4a987923d140
  Bolts: ac6567323eac61e203f6a9763667d0f711be34c8
  Crashlytics: 07fb167b1694128c1c9a5a5cc319b0e9c3ca0933
  Fabric: f988e33c97f08930a413e08123064d2e5f68d655
  FBSDKCoreKit: a823ae35bdb60ebb8d7a7e51abe7c5d87d2bfced
  FBSDKLoginKit: 54ae59987f2a8703021557c90a9aebb9e5c2bef6
  IQKeyboardManager: 964638372b4a61892cc74fdfa6fd26de8c9464a2
  SDWebImage: 27dd2c9ea07a2252f94557c9fbb6105ee94b74c9
  Socket.IO-Client-Swift: 21e6a8a23a7d367d5ddfab6cbbd3c679cf3c25d6
  Starscream: ef3ece99d765eeccb67de105bfa143f929026cf5
  ViewDeck: 942d90dd23c9f97cc8038be352255378167edcca

PODFILE CHECKSUM: fb6c5171a35ae5d9e9dd16ba3ef963e72bdbd20e

COCOAPODS: 1.5.3
