PODS:
  - Backendless-ios-SDK (3.0.44)
  - Crashlytics (3.8.4):
    - Fabric (~> 1.6.3)
  - Fabric (1.6.11)
  - SDWebImage (4.0.0):
    - SDWebImage/Core (= 4.0.0)
  - SDWebImage/Core (4.0.0)
  - ViewDeck (3.1.0)

DEPENDENCIES:
  - Backendless-ios-SDK
  - Crashlytics
  - Fabric
  - SDWebImage
  - ViewDeck

SPEC CHECKSUMS:
  Backendless-ios-SDK: 4f7bec980154a9371ad9ba7edbf53e02b33a76e3
  Crashlytics: 79e236942ca1e7fc641df1feb9a275360a78ab6a
  Fabric: 5911403591946b8228ab1c51d98f1d7137e863c6
  SDWebImage: 76a6348bdc74eb5a55dd08a091ef298e56b55e41
  ViewDeck: 942d90dd23c9f97cc8038be352255378167edcca

PODFILE CHECKSUM: e9e68bca854c3152b2b94add0a8b28fa8be72ac3

COCOAPODS: 1.1.1
