PODS:
  - Backendless (5.6.0):
    - Socket.IO-Client-Swift
  - Crashlytics (3.14.0):
    - Fabric (~> 1.10.2)
  - Fabric (1.10.2)
  - FBSDKCoreKit (6.0.0):
    - FBSDKCoreKit/Basics (= 6.0.0)
    - FBSDKCoreKit/Core (= 6.0.0)
  - FBSDKCoreKit/Basics (6.0.0)
  - FBSDKCoreKit/Core (6.0.0):
    - FBSDKCoreKit/Basics
  - FBSDKLoginKit (6.0.0):
    - FBSDKLoginKit/Login (= 6.0.0)
  - FBSDKLoginKit/Login (6.0.0):
    - FBSDKCoreKit (~> 6.0.0)
  - IQKeyboardManager (6.5.5)
  - Realm (4.3.2):
    - Realm/Headers (= 4.3.2)
  - Realm/Headers (4.3.2)
  - SDWebImage (5.5.2):
    - SDWebImage/Core (= 5.5.2)
  - SDWebImage/Core (5.5.2)
  - Socket.IO-Client-Swift (15.2.0):
    - Starscream (~> 3.1)
  - Starscream (3.1.1)
  - ViewDeck (3.1.0)

DEPENDENCIES:
  - Backendless
  - Crashlytics
  - Fabric
  - FBSDKLoginKit
  - IQKeyboardManager
  - Realm
  - SDWebImage
  - ViewDeck

SPEC REPOS:
  trunk:
    - Backendless
    - Crashlytics
    - Fabric
    - FBSDKCoreKit
    - FBSDKLoginKit
    - IQKeyboardManager
    - Realm
    - SDWebImage
    - Socket.IO-Client-Swift
    - Starscream
    - ViewDeck

SPEC CHECKSUMS:
  Backendless: f9e5497c2cb09df646a15f6556dd4c9f2774ed92
  Crashlytics: 540b7e5f5da5a042647227a5e3ac51d85eed06df
  Fabric: 706c8b8098fff96c33c0db69cbf81f9c551d0d74
  FBSDKCoreKit: fe738b172590e622c86735b45e20d196848b54df
  FBSDKLoginKit: fa57df1b967fe0e147b25bede6ea4e9cdf4d64be
  IQKeyboardManager: 3a8b9e603f8b0eeaf5f096a1f2b2cfcf121992ef
  Realm: 5e92902e2875dff4bb0fd02f67bb737c3d5db2bc
  SDWebImage: 4d5c027c935438f341ed33dbac53ff9f479922ca
  Socket.IO-Client-Swift: 1e3e3a1f09f3312a167f0d781eb2f383d477357c
  Starscream: 4bb2f9942274833f7b4d296a55504dcfc7edb7b0
  ViewDeck: 942d90dd23c9f97cc8038be352255378167edcca

PODFILE CHECKSUM: c754173765c8886999f1704d200cc43ae47cb175

COCOAPODS: 1.8.4
