// !$*UTF8*$!
{
	archiveVersion = 1;
	classes = {
	};
	objectVersion = 46;
	objects = {

/* Begin PBXBuildFile section */
		BDF70FBDD8B3EDC940189AB8 /* libPods.a in Frameworks */ = {isa = PBXBuildFile; fileRef = A5187B2923EAE761D01AA93E /* libPods.a */; };
		F38B72F01C00E04F00FBE20C /* main.m in Sources */ = {isa = PBXBuildFile; fileRef = F38B72EF1C00E04F00FBE20C /* main.m */; };
		F38B72F31C00E04F00FBE20C /* AppDelegate.m in Sources */ = {isa = PBXBuildFile; fileRef = F38B72F21C00E04F00FBE20C /* AppDelegate.m */; };
		F38B72F61C00E04F00FBE20C /* FirstViewController.m in Sources */ = {isa = PBXBuildFile; fileRef = F38B72F51C00E04F00FBE20C /* FirstViewController.m */; };
		F38B72F91C00E04F00FBE20C /* SecondViewController.m in Sources */ = {isa = PBXBuildFile; fileRef = F38B72F81C00E04F00FBE20C /* SecondViewController.m */; };
		F38B72FC1C00E04F00FBE20C /* Main.storyboard in Resources */ = {isa = PBXBuildFile; fileRef = F38B72FA1C00E04F00FBE20C /* Main.storyboard */; };
		F38B72FE1C00E04F00FBE20C /* Assets.xcassets in Resources */ = {isa = PBXBuildFile; fileRef = F38B72FD1C00E04F00FBE20C /* Assets.xcassets */; };
		F38B73011C00E04F00FBE20C /* LaunchScreen.storyboard in Resources */ = {isa = PBXBuildFile; fileRef = F38B72FF1C00E04F00FBE20C /* LaunchScreen.storyboard */; };
		F38B73091C00E39D00FBE20C /* MapKit.framework in Frameworks */ = {isa = PBXBuildFile; fileRef = F38B73081C00E39D00FBE20C /* MapKit.framework */; };
		F38B730B1C00F31200FBE20C /* CoreLocation.framework in Frameworks */ = {isa = PBXBuildFile; fileRef = F38B730A1C00F31200FBE20C /* CoreLocation.framework */; };
		F38B73161C04412A00FBE20C /* FINLocationManager.m in Sources */ = {isa = PBXBuildFile; fileRef = F38B73151C04412A00FBE20C /* FINLocationManager.m */; };
/* End PBXBuildFile section */

/* Begin PBXFileReference section */
		130D544EDB2D6D1886C7427D /* Pods.release.xcconfig */ = {isa = PBXFileReference; includeInIndex = 1; lastKnownFileType = text.xcconfig; name = Pods.release.xcconfig; path = "Pods/Target Support Files/Pods/Pods.release.xcconfig"; sourceTree = "<group>"; };
		5664ED9628DD1F8B09D8C45C /* Pods.debug.xcconfig */ = {isa = PBXFileReference; includeInIndex = 1; lastKnownFileType = text.xcconfig; name = Pods.debug.xcconfig; path = "Pods/Target Support Files/Pods/Pods.debug.xcconfig"; sourceTree = "<group>"; };
		A5187B2923EAE761D01AA93E /* libPods.a */ = {isa = PBXFileReference; explicitFileType = archive.ar; includeInIndex = 0; path = libPods.a; sourceTree = BUILT_PRODUCTS_DIR; };
		F38B72EB1C00E04F00FBE20C /* FriendsInNeed.app */ = {isa = PBXFileReference; explicitFileType = wrapper.application; includeInIndex = 0; path = FriendsInNeed.app; sourceTree = BUILT_PRODUCTS_DIR; };
		F38B72EF1C00E04F00FBE20C /* main.m */ = {isa = PBXFileReference; lastKnownFileType = sourcecode.c.objc; path = main.m; sourceTree = "<group>"; };
		F38B72F11C00E04F00FBE20C /* AppDelegate.h */ = {isa = PBXFileReference; lastKnownFileType = sourcecode.c.h; path = AppDelegate.h; sourceTree = "<group>"; };
		F38B72F21C00E04F00FBE20C /* AppDelegate.m */ = {isa = PBXFileReference; lastKnownFileType = sourcecode.c.objc; path = AppDelegate.m; sourceTree = "<group>"; };
		F38B72F41C00E04F00FBE20C /* FirstViewController.h */ = {isa = PBXFileReference; lastKnownFileType = sourcecode.c.h; path = FirstViewController.h; sourceTree = "<group>"; };
		F38B72F51C00E04F00FBE20C /* FirstViewController.m */ = {isa = PBXFileReference; lastKnownFileType = sourcecode.c.objc; path = FirstViewController.m; sourceTree = "<group>"; };
		F38B72F71C00E04F00FBE20C /* SecondViewController.h */ = {isa = PBXFileReference; lastKnownFileType = sourcecode.c.h; path = SecondViewController.h; sourceTree = "<group>"; };
		F38B72F81C00E04F00FBE20C /* SecondViewController.m */ = {isa = PBXFileReference; lastKnownFileType = sourcecode.c.objc; path = SecondViewController.m; sourceTree = "<group>"; };
		F38B72FB1C00E04F00FBE20C /* Base */ = {isa = PBXFileReference; lastKnownFileType = file.storyboard; name = Base; path = Base.lproj/Main.storyboard; sourceTree = "<group>"; };
		F38B72FD1C00E04F00FBE20C /* Assets.xcassets */ = {isa = PBXFileReference; lastKnownFileType = folder.assetcatalog; path = Assets.xcassets; sourceTree = "<group>"; };
		F38B73001C00E04F00FBE20C /* Base */ = {isa = PBXFileReference; lastKnownFileType = file.storyboard; name = Base; path = Base.lproj/LaunchScreen.storyboard; sourceTree = "<group>"; };
		F38B73021C00E04F00FBE20C /* Info.plist */ = {isa = PBXFileReference; lastKnownFileType = text.plist.xml; path = Info.plist; sourceTree = "<group>"; };
		F38B73081C00E39D00FBE20C /* MapKit.framework */ = {isa = PBXFileReference; lastKnownFileType = wrapper.framework; name = MapKit.framework; path = System/Library/Frameworks/MapKit.framework; sourceTree = SDKROOT; };
		F38B730A1C00F31200FBE20C /* CoreLocation.framework */ = {isa = PBXFileReference; lastKnownFileType = wrapper.framework; name = CoreLocation.framework; path = System/Library/Frameworks/CoreLocation.framework; sourceTree = SDKROOT; };
		F38B73141C04412A00FBE20C /* FINLocationManager.h */ = {isa = PBXFileReference; fileEncoding = 4; lastKnownFileType = sourcecode.c.h; path = FINLocationManager.h; sourceTree = "<group>"; };
		F38B73151C04412A00FBE20C /* FINLocationManager.m */ = {isa = PBXFileReference; fileEncoding = 4; lastKnownFileType = sourcecode.c.objc; path = FINLocationManager.m; sourceTree = "<group>"; };
/* End PBXFileReference section */

/* Begin PBXFrameworksBuildPhase section */
		F38B72E81C00E04F00FBE20C /* Frameworks */ = {
			isa = PBXFrameworksBuildPhase;
			buildActionMask = 2147483647;
			files = (
				F38B730B1C00F31200FBE20C /* CoreLocation.framework in Frameworks */,
				F38B73091C00E39D00FBE20C /* MapKit.framework in Frameworks */,
				BDF70FBDD8B3EDC940189AB8 /* libPods.a in Frameworks */,
			);
			runOnlyForDeploymentPostprocessing = 0;
		};
/* End PBXFrameworksBuildPhase section */

/* Begin PBXGroup section */
		CBE972083B1E3D0201383665 /* Frameworks */ = {
			isa = PBXGroup;
			children = (
				A5187B2923EAE761D01AA93E /* libPods.a */,
			);
			name = Frameworks;
			sourceTree = "<group>";
		};
		EBE9D4552892B35ABB41AB30 /* Pods */ = {
			isa = PBXGroup;
			children = (
				5664ED9628DD1F8B09D8C45C /* Pods.debug.xcconfig */,
				130D544EDB2D6D1886C7427D /* Pods.release.xcconfig */,
			);
			name = Pods;
			sourceTree = "<group>";
		};
		F38B72E21C00E04F00FBE20C = {
			isa = PBXGroup;
			children = (
				F38B730A1C00F31200FBE20C /* CoreLocation.framework */,
				F38B73081C00E39D00FBE20C /* MapKit.framework */,
				F38B72ED1C00E04F00FBE20C /* FriendsInNeed */,
				F38B72EC1C00E04F00FBE20C /* Products */,
				EBE9D4552892B35ABB41AB30 /* Pods */,
				CBE972083B1E3D0201383665 /* Frameworks */,
			);
			sourceTree = "<group>";
		};
		F38B72EC1C00E04F00FBE20C /* Products */ = {
			isa = PBXGroup;
			children = (
				F38B72EB1C00E04F00FBE20C /* FriendsInNeed.app */,
			);
			name = Products;
			sourceTree = "<group>";
		};
		F38B72ED1C00E04F00FBE20C /* FriendsInNeed */ = {
			isa = PBXGroup;
			children = (
				F38B72F11C00E04F00FBE20C /* AppDelegate.h */,
				F38B72F21C00E04F00FBE20C /* AppDelegate.m */,
				F38B72F41C00E04F00FBE20C /* FirstViewController.h */,
				F38B72F51C00E04F00FBE20C /* FirstViewController.m */,
				F38B72F71C00E04F00FBE20C /* SecondViewController.h */,
				F38B72F81C00E04F00FBE20C /* SecondViewController.m */,
				F38B72FA1C00E04F00FBE20C /* Main.storyboard */,
				F38B72FD1C00E04F00FBE20C /* Assets.xcassets */,
				F38B72FF1C00E04F00FBE20C /* LaunchScreen.storyboard */,
				F38B73021C00E04F00FBE20C /* Info.plist */,
				F38B73141C04412A00FBE20C /* FINLocationManager.h */,
				F38B73151C04412A00FBE20C /* FINLocationManager.m */,
				F38B72EE1C00E04F00FBE20C /* Supporting Files */,
			);
			path = FriendsInNeed;
			sourceTree = "<group>";
		};
		F38B72EE1C00E04F00FBE20C /* Supporting Files */ = {
			isa = PBXGroup;
			children = (
				F38B72EF1C00E04F00FBE20C /* main.m */,
			);
			name = "Supporting Files";
			sourceTree = "<group>";
		};
/* End PBXGroup section */

/* Begin PBXNativeTarget section */
		F38B72EA1C00E04F00FBE20C /* FriendsInNeed */ = {
			isa = PBXNativeTarget;
			buildConfigurationList = F38B73051C00E04F00FBE20C /* Build configuration list for PBXNativeTarget "FriendsInNeed" */;
			buildPhases = (
				7D134C2DEDBC0C35FC079CB3 /* Check Pods Manifest.lock */,
				F38B72E71C00E04F00FBE20C /* Sources */,
				F38B72E81C00E04F00FBE20C /* Frameworks */,
				F38B72E91C00E04F00FBE20C /* Resources */,
				D856607F76088696F1DD31DC /* Embed Pods Frameworks */,
				4474E929C89BC227DEF234DC /* Copy Pods Resources */,
			);
			buildRules = (
			);
			dependencies = (
			);
			name = FriendsInNeed;
			productName = FriendsInNeed;
			productReference = F38B72EB1C00E04F00FBE20C /* FriendsInNeed.app */;
			productType = "com.apple.product-type.application";
		};
/* End PBXNativeTarget section */

/* Begin PBXProject section */
		F38B72E31C00E04F00FBE20C /* Project object */ = {
			isa = PBXProject;
			attributes = {
				LastUpgradeCheck = 0710;
				ORGANIZATIONNAME = Milen;
				TargetAttributes = {
					F38B72EA1C00E04F00FBE20C = {
						CreatedOnToolsVersion = 7.1.1;
						SystemCapabilities = {
							com.apple.BackgroundModes = {
								enabled = 1;
							};
						};
					};
				};
			};
			buildConfigurationList = F38B72E61C00E04F00FBE20C /* Build configuration list for PBXProject "FriendsInNeed" */;
			compatibilityVersion = "Xcode 3.2";
			developmentRegion = English;
			hasScannedForEncodings = 0;
			knownRegions = (
				en,
				Base,
			);
			mainGroup = F38B72E21C00E04F00FBE20C;
			productRefGroup = F38B72EC1C00E04F00FBE20C /* Products */;
			projectDirPath = "";
			projectRoot = "";
			targets = (
				F38B72EA1C00E04F00FBE20C /* FriendsInNeed */,
			);
		};
/* End PBXProject section */

/* Begin PBXResourcesBuildPhase section */
		F38B72E91C00E04F00FBE20C /* Resources */ = {
			isa = PBXResourcesBuildPhase;
			buildActionMask = 2147483647;
			files = (
				F38B73011C00E04F00FBE20C /* LaunchScreen.storyboard in Resources */,
				F38B72FE1C00E04F00FBE20C /* Assets.xcassets in Resources */,
				F38B72FC1C00E04F00FBE20C /* Main.storyboard in Resources */,
			);
			runOnlyForDeploymentPostprocessing = 0;
		};
/* End PBXResourcesBuildPhase section */

/* Begin PBXShellScriptBuildPhase section */
		4474E929C89BC227DEF234DC /* Copy Pods Resources */ = {
			isa = PBXShellScriptBuildPhase;
			buildActionMask = 2147483647;
			files = (
			);
			inputPaths = (
			);
			name = "Copy Pods Resources";
			outputPaths = (
			);
			runOnlyForDeploymentPostprocessing = 0;
			shellPath = /bin/sh;
			shellScript = "\"${SRCROOT}/Pods/Target Support Files/Pods/Pods-resources.sh\"\n";
			showEnvVarsInLog = 0;
		};
		7D134C2DEDBC0C35FC079CB3 /* Check Pods Manifest.lock */ = {
			isa = PBXShellScriptBuildPhase;
			buildActionMask = 2147483647;
			files = (
			);
			inputPaths = (
			);
			name = "Check Pods Manifest.lock";
			outputPaths = (
			);
			runOnlyForDeploymentPostprocessing = 0;
			shellPath = /bin/sh;
			shellScript = "diff \"${PODS_ROOT}/../Podfile.lock\" \"${PODS_ROOT}/Manifest.lock\" > /dev/null\nif [[ $? != 0 ]] ; then\n    cat << EOM\nerror: The sandbox is not in sync with the Podfile.lock. Run 'pod install' or update your CocoaPods installation.\nEOM\n    exit 1\nfi\n";
			showEnvVarsInLog = 0;
		};
		D856607F76088696F1DD31DC /* Embed Pods Frameworks */ = {
			isa = PBXShellScriptBuildPhase;
			buildActionMask = 2147483647;
			files = (
			);
			inputPaths = (
			);
			name = "Embed Pods Frameworks";
			outputPaths = (
			);
			runOnlyForDeploymentPostprocessing = 0;
			shellPath = /bin/sh;
			shellScript = "\"${SRCROOT}/Pods/Target Support Files/Pods/Pods-frameworks.sh\"\n";
			showEnvVarsInLog = 0;
		};
/* End PBXShellScriptBuildPhase section */

/* Begin PBXSourcesBuildPhase section */
		F38B72E71C00E04F00FBE20C /* Sources */ = {
			isa = PBXSourcesBuildPhase;
			buildActionMask = 2147483647;
			files = (
				F38B72F91C00E04F00FBE20C /* SecondViewController.m in Sources */,
				F38B72F31C00E04F00FBE20C /* AppDelegate.m in Sources */,
				F38B72F61C00E04F00FBE20C /* FirstViewController.m in Sources */,
				F38B73161C04412A00FBE20C /* FINLocationManager.m in Sources */,
				F38B72F01C00E04F00FBE20C /* main.m in Sources */,
			);
			runOnlyForDeploymentPostprocessing = 0;
		};
/* End PBXSourcesBuildPhase section */

/* Begin PBXVariantGroup section */
		F38B72FA1C00E04F00FBE20C /* Main.storyboard */ = {
			isa = PBXVariantGroup;
			children = (
				F38B72FB1C00E04F00FBE20C /* Base */,
			);
			name = Main.storyboard;
			sourceTree = "<group>";
		};
		F38B72FF1C00E04F00FBE20C /* LaunchScreen.storyboard */ = {
			isa = PBXVariantGroup;
			children = (
				F38B73001C00E04F00FBE20C /* Base */,
			);
			name = LaunchScreen.storyboard;
			sourceTree = "<group>";
		};
/* End PBXVariantGroup section */

/* Begin XCBuildConfiguration section */
		F38B73031C00E04F00FBE20C /* Debug */ = {
			isa = XCBuildConfiguration;
			buildSettings = {
				ALWAYS_SEARCH_USER_PATHS = NO;
				CLANG_CXX_LANGUAGE_STANDARD = "gnu++0x";
				CLANG_CXX_LIBRARY = "libc++";
				CLANG_ENABLE_MODULES = YES;
				CLANG_ENABLE_OBJC_ARC = YES;
				CLANG_WARN_BOOL_CONVERSION = YES;
				CLANG_WARN_CONSTANT_CONVERSION = YES;
				CLANG_WARN_DIRECT_OBJC_ISA_USAGE = YES_ERROR;
				CLANG_WARN_EMPTY_BODY = YES;
				CLANG_WARN_ENUM_CONVERSION = YES;
				CLANG_WARN_INT_CONVERSION = YES;
				CLANG_WARN_OBJC_ROOT_CLASS = YES_ERROR;
				CLANG_WARN_UNREACHABLE_CODE = YES;
				CLANG_WARN__DUPLICATE_METHOD_MATCH = YES;
				"CODE_SIGN_IDENTITY[sdk=iphoneos*]" = "iPhone Developer";
				COPY_PHASE_STRIP = NO;
				DEBUG_INFORMATION_FORMAT = dwarf;
				ENABLE_STRICT_OBJC_MSGSEND = YES;
				ENABLE_TESTABILITY = YES;
				GCC_C_LANGUAGE_STANDARD = gnu99;
				GCC_DYNAMIC_NO_PIC = NO;
				GCC_NO_COMMON_BLOCKS = YES;
				GCC_OPTIMIZATION_LEVEL = 0;
				GCC_PREPROCESSOR_DEFINITIONS = (
					"DEBUG=1",
					"$(inherited)",
				);
				GCC_WARN_64_TO_32_BIT_CONVERSION = YES;
				GCC_WARN_ABOUT_RETURN_TYPE = YES_ERROR;
				GCC_WARN_UNDECLARED_SELECTOR = YES;
				GCC_WARN_UNINITIALIZED_AUTOS = YES_AGGRESSIVE;
				GCC_WARN_UNUSED_FUNCTION = YES;
				GCC_WARN_UNUSED_VARIABLE = YES;
				IPHONEOS_DEPLOYMENT_TARGET = 9.1;
				MTL_ENABLE_DEBUG_INFO = YES;
				ONLY_ACTIVE_ARCH = YES;
				SDKROOT = iphoneos;
				TARGETED_DEVICE_FAMILY = "1,2";
			};
			name = Debug;
		};
		F38B73041C00E04F00FBE20C /* Release */ = {
			isa = XCBuildConfiguration;
			buildSettings = {
				ALWAYS_SEARCH_USER_PATHS = NO;
				CLANG_CXX_LANGUAGE_STANDARD = "gnu++0x";
				CLANG_CXX_LIBRARY = "libc++";
				CLANG_ENABLE_MODULES = YES;
				CLANG_ENABLE_OBJC_ARC = YES;
				CLANG_WARN_BOOL_CONVERSION = YES;
				CLANG_WARN_CONSTANT_CONVERSION = YES;
				CLANG_WARN_DIRECT_OBJC_ISA_USAGE = YES_ERROR;
				CLANG_WARN_EMPTY_BODY = YES;
				CLANG_WARN_ENUM_CONVERSION = YES;
				CLANG_WARN_INT_CONVERSION = YES;
				CLANG_WARN_OBJC_ROOT_CLASS = YES_ERROR;
				CLANG_WARN_UNREACHABLE_CODE = YES;
				CLANG_WARN__DUPLICATE_METHOD_MATCH = YES;
				"CODE_SIGN_IDENTITY[sdk=iphoneos*]" = "iPhone Developer";
				COPY_PHASE_STRIP = NO;
				DEBUG_INFORMATION_FORMAT = "dwarf-with-dsym";
				ENABLE_NS_ASSERTIONS = NO;
				ENABLE_STRICT_OBJC_MSGSEND = YES;
				GCC_C_LANGUAGE_STANDARD = gnu99;
				GCC_NO_COMMON_BLOCKS = YES;
				GCC_WARN_64_TO_32_BIT_CONVERSION = YES;
				GCC_WARN_ABOUT_RETURN_TYPE = YES_ERROR;
				GCC_WARN_UNDECLARED_SELECTOR = YES;
				GCC_WARN_UNINITIALIZED_AUTOS = YES_AGGRESSIVE;
				GCC_WARN_UNUSED_FUNCTION = YES;
				GCC_WARN_UNUSED_VARIABLE = YES;
				IPHONEOS_DEPLOYMENT_TARGET = 9.1;
				MTL_ENABLE_DEBUG_INFO = NO;
				SDKROOT = iphoneos;
				TARGETED_DEVICE_FAMILY = "1,2";
				VALIDATE_PRODUCT = YES;
			};
			name = Release;
		};
		F38B73061C00E04F00FBE20C /* Debug */ = {
			isa = XCBuildConfiguration;
			baseConfigurationReference = 5664ED9628DD1F8B09D8C45C /* Pods.debug.xcconfig */;
			buildSettings = {
				ASSETCATALOG_COMPILER_APPICON_NAME = AppIcon;
				INFOPLIST_FILE = FriendsInNeed/Info.plist;
				LD_RUNPATH_SEARCH_PATHS = "$(inherited) @executable_path/Frameworks";
				PRODUCT_BUNDLE_IDENTIFIER = com.Milen.FriendsInNeed;
				PRODUCT_NAME = "$(TARGET_NAME)";
			};
			name = Debug;
		};
		F38B73071C00E04F00FBE20C /* Release */ = {
			isa = XCBuildConfiguration;
			baseConfigurationReference = 130D544EDB2D6D1886C7427D /* Pods.release.xcconfig */;
			buildSettings = {
				ASSETCATALOG_COMPILER_APPICON_NAME = AppIcon;
				INFOPLIST_FILE = FriendsInNeed/Info.plist;
				LD_RUNPATH_SEARCH_PATHS = "$(inherited) @executable_path/Frameworks";
				PRODUCT_BUNDLE_IDENTIFIER = com.Milen.FriendsInNeed;
				PRODUCT_NAME = "$(TARGET_NAME)";
			};
			name = Release;
		};
/* End XCBuildConfiguration section */

/* Begin XCConfigurationList section */
		F38B72E61C00E04F00FBE20C /* Build configuration list for PBXProject "FriendsInNeed" */ = {
			isa = XCConfigurationList;
			buildConfigurations = (
				F38B73031C00E04F00FBE20C /* Debug */,
				F38B73041C00E04F00FBE20C /* Release */,
			);
			defaultConfigurationIsVisible = 0;
			defaultConfigurationName = Release;
		};
		F38B73051C00E04F00FBE20C /* Build configuration list for PBXNativeTarget "FriendsInNeed" */ = {
			isa = XCConfigurationList;
			buildConfigurations = (
				F38B73061C00E04F00FBE20C /* Debug */,
				F38B73071C00E04F00FBE20C /* Release */,
			);
			defaultConfigurationIsVisible = 0;
			defaultConfigurationName = Release;
		};
/* End XCConfigurationList section */
	};
	rootObject = F38B72E31C00E04F00FBE20C /* Project object */;
}
