// !$*UTF8*$!
{
	archiveVersion = 1;
	classes = {
	};
	objectVersion = 46;
	objects = {

/* Begin PBXBuildFile section */
		ED3AC99355F5FD348F0DB9A2 /* libPods-Help A Paw.a in Frameworks */ = {isa = PBXBuildFile; fileRef = 850A53F660CB027165B53E3D /* libPods-Help A Paw.a */; };
		F316CAE21C7A8B4000C4E00F /* FINAnnotation.m in Sources */ = {isa = PBXBuildFile; fileRef = F316CAE11C7A8B4000C4E00F /* FINAnnotation.m */; };
		F31FDD2A1DC4ABFC00076B56 /* FINMenuVC.m in Sources */ = {isa = PBXBuildFile; fileRef = F31FDD281DC4ABFC00076B56 /* FINMenuVC.m */; };
		F31FDD2B1DC4ABFC00076B56 /* FINMenuVC.xib in Resources */ = {isa = PBXBuildFile; fileRef = F31FDD291DC4ABFC00076B56 /* FINMenuVC.xib */; };
		F32711CE1CCABC5D00E51AEA /* ic_call.png in Resources */ = {isa = PBXBuildFile; fileRef = F32711CD1CCABC5D00E51AEA /* ic_call.png */; };
		F32711D11CCAFBAD00E51AEA /* ic_call@2x.png in Resources */ = {isa = PBXBuildFile; fileRef = F32711CF1CCAFBAD00E51AEA /* ic_call@2x.png */; };
		F32711D21CCAFBAD00E51AEA /* ic_call@3x.png in Resources */ = {isa = PBXBuildFile; fileRef = F32711D01CCAFBAD00E51AEA /* ic_call@3x.png */; };
		F32711D61CCAFE7100E51AEA /* ic_camera.png in Resources */ = {isa = PBXBuildFile; fileRef = F32711D31CCAFE7100E51AEA /* ic_camera.png */; };
		F32711DB1CCB8CFF00E51AEA /* ic_camera@2x.png in Resources */ = {isa = PBXBuildFile; fileRef = F32711D91CCB8CFF00E51AEA /* ic_camera@2x.png */; };
		F32711DC1CCB8CFF00E51AEA /* ic_camera@3x.png in Resources */ = {isa = PBXBuildFile; fileRef = F32711DA1CCB8CFF00E51AEA /* ic_camera@3x.png */; };
		F32711DF1CCCCA3D00E51AEA /* FINComment.m in Sources */ = {isa = PBXBuildFile; fileRef = F32711DE1CCCCA3D00E51AEA /* FINComment.m */; };
		F33800081C8E3F320080FACD /* FINSignalDetailsVC.m in Sources */ = {isa = PBXBuildFile; fileRef = F33800061C8E3F320080FACD /* FINSignalDetailsVC.m */; };
		F33800091C8E3F320080FACD /* FINSignalDetailsVC.xib in Resources */ = {isa = PBXBuildFile; fileRef = F33800071C8E3F320080FACD /* FINSignalDetailsVC.xib */; };
		F338000D1C96325B0080FACD /* FINSignalDetailsCell.m in Sources */ = {isa = PBXBuildFile; fileRef = F338000B1C96325B0080FACD /* FINSignalDetailsCell.m */; };
		F338000E1C96325B0080FACD /* FINSignalDetailsCell.xib in Resources */ = {isa = PBXBuildFile; fileRef = F338000C1C96325B0080FACD /* FINSignalDetailsCell.xib */; };
		F33800121C9785A10080FACD /* pin_red.png in Resources */ = {isa = PBXBuildFile; fileRef = F33800111C9785A10080FACD /* pin_red.png */; };
		F33800141C97872F0080FACD /* pin_red@2x.png in Resources */ = {isa = PBXBuildFile; fileRef = F33800131C97872F0080FACD /* pin_red@2x.png */; };
		F33800191C978BA50080FACD /* pin_green.png in Resources */ = {isa = PBXBuildFile; fileRef = F33800151C978BA50080FACD /* pin_green.png */; };
		F338001A1C978BA50080FACD /* pin_green@2x.png in Resources */ = {isa = PBXBuildFile; fileRef = F33800161C978BA50080FACD /* pin_green@2x.png */; };
		F338001B1C978BA50080FACD /* pin_orange.png in Resources */ = {isa = PBXBuildFile; fileRef = F33800171C978BA50080FACD /* pin_orange.png */; };
		F338001C1C978BA50080FACD /* pin_orange@2x.png in Resources */ = {isa = PBXBuildFile; fileRef = F33800181C978BA50080FACD /* pin_orange@2x.png */; };
		F338001F1C98C59D0080FACD /* ic_add.png in Resources */ = {isa = PBXBuildFile; fileRef = F338001E1C98C59D0080FACD /* ic_add.png */; };
		F33800211C98C7DF0080FACD /* ic_add@2x.png in Resources */ = {isa = PBXBuildFile; fileRef = F33800201C98C7DF0080FACD /* ic_add@2x.png */; };
		F33800231C98CA350080FACD /* ic_menu.png in Resources */ = {isa = PBXBuildFile; fileRef = F33800221C98CA350080FACD /* ic_menu.png */; };
		F33800251C98CAE70080FACD /* ic_menu@2x.png in Resources */ = {isa = PBXBuildFile; fileRef = F33800241C98CAE70080FACD /* ic_menu@2x.png */; };
		F35905F91E054EE800A61060 /* FINAboutVC.m in Sources */ = {isa = PBXBuildFile; fileRef = F35905F71E054EE800A61060 /* FINAboutVC.m */; };
		F35905FA1E054EE800A61060 /* FINAboutVC.xib in Resources */ = {isa = PBXBuildFile; fileRef = F35905F81E054EE800A61060 /* FINAboutVC.xib */; };
		F35905FE1E0555D200A61060 /* ic_close_x.png in Resources */ = {isa = PBXBuildFile; fileRef = F35905FB1E0555D200A61060 /* ic_close_x.png */; };
		F35905FF1E0555D200A61060 /* ic_close_x@2x.png in Resources */ = {isa = PBXBuildFile; fileRef = F35905FC1E0555D200A61060 /* ic_close_x@2x.png */; };
		F35906001E0555D200A61060 /* ic_close_x@3x.png in Resources */ = {isa = PBXBuildFile; fileRef = F35905FD1E0555D200A61060 /* ic_close_x@3x.png */; };
		F35906021E05821C00A61060 /* FINMailComposer.m in Sources */ = {isa = PBXBuildFile; fileRef = F35906011E05821C00A61060 /* FINMailComposer.m */; };
		F381ACCE1CE07E0B0050B238 /* FINError.m in Sources */ = {isa = PBXBuildFile; fileRef = F381ACCD1CE07E0B0050B238 /* FINError.m */; };
		F38B72F01C00E04F00FBE20C /* main.m in Sources */ = {isa = PBXBuildFile; fileRef = F38B72EF1C00E04F00FBE20C /* main.m */; };
		F38B72F31C00E04F00FBE20C /* AppDelegate.m in Sources */ = {isa = PBXBuildFile; fileRef = F38B72F21C00E04F00FBE20C /* AppDelegate.m */; };
		F38B72FE1C00E04F00FBE20C /* Assets.xcassets in Resources */ = {isa = PBXBuildFile; fileRef = F38B72FD1C00E04F00FBE20C /* Assets.xcassets */; };
		F38B73011C00E04F00FBE20C /* LaunchScreen.storyboard in Resources */ = {isa = PBXBuildFile; fileRef = F38B72FF1C00E04F00FBE20C /* LaunchScreen.storyboard */; };
		F38B73091C00E39D00FBE20C /* MapKit.framework in Frameworks */ = {isa = PBXBuildFile; fileRef = F38B73081C00E39D00FBE20C /* MapKit.framework */; };
		F38B730B1C00F31200FBE20C /* CoreLocation.framework in Frameworks */ = {isa = PBXBuildFile; fileRef = F38B730A1C00F31200FBE20C /* CoreLocation.framework */; };
		F38B73161C04412A00FBE20C /* FINLocationManager.m in Sources */ = {isa = PBXBuildFile; fileRef = F38B73151C04412A00FBE20C /* FINLocationManager.m */; };
		F39C39321C99B59A007A2D8E /* FINSignalDetailsCommentCell.m in Sources */ = {isa = PBXBuildFile; fileRef = F39C39301C99B59A007A2D8E /* FINSignalDetailsCommentCell.m */; };
		F39C39331C99B59A007A2D8E /* FINSignalDetailsCommentCell.xib in Resources */ = {isa = PBXBuildFile; fileRef = F39C39311C99B59A007A2D8E /* FINSignalDetailsCommentCell.xib */; };
		F39C393B1C9A99F3007A2D8E /* logo.png in Resources */ = {isa = PBXBuildFile; fileRef = F39C393A1C9A99F3007A2D8E /* logo.png */; };
		F39C39441C9D8C1C007A2D8E /* ic_dropdown.png in Resources */ = {isa = PBXBuildFile; fileRef = F39C393E1C9D8C1C007A2D8E /* ic_dropdown.png */; };
		F39C39451C9D8C1C007A2D8E /* ic_dropdown@2x.png in Resources */ = {isa = PBXBuildFile; fileRef = F39C393F1C9D8C1C007A2D8E /* ic_dropdown@2x.png */; };
		F39C39461C9D8C1C007A2D8E /* ic_dropdown_reversed.png in Resources */ = {isa = PBXBuildFile; fileRef = F39C39401C9D8C1C007A2D8E /* ic_dropdown_reversed.png */; };
		F39C39471C9D8C1C007A2D8E /* ic_dropdown_reversed@2x.png in Resources */ = {isa = PBXBuildFile; fileRef = F39C39411C9D8C1C007A2D8E /* ic_dropdown_reversed@2x.png */; };
		F39C39481C9D8C1C007A2D8E /* ic_dropdown@3x.png in Resources */ = {isa = PBXBuildFile; fileRef = F39C39421C9D8C1C007A2D8E /* ic_dropdown@3x.png */; };
		F39C39491C9D8C1C007A2D8E /* ic_dropdown_reversed@3x.png in Resources */ = {isa = PBXBuildFile; fileRef = F39C39431C9D8C1C007A2D8E /* ic_dropdown_reversed@3x.png */; };
		F39C394C1C9EA305007A2D8E /* FINSignal.m in Sources */ = {isa = PBXBuildFile; fileRef = F39C394B1C9EA305007A2D8E /* FINSignal.m */; };
		F3A6DC671C8488250050F9F3 /* FINDataManager.m in Sources */ = {isa = PBXBuildFile; fileRef = F3A6DC661C8488250050F9F3 /* FINDataManager.m */; };
		F3A6DC6A1C84C0480050F9F3 /* ic_paw.png in Resources */ = {isa = PBXBuildFile; fileRef = F3A6DC691C84C0480050F9F3 /* ic_paw.png */; };
		F3C484731C6C111D0067A169 /* FINLoginVC.m in Sources */ = {isa = PBXBuildFile; fileRef = F3C484711C6C111D0067A169 /* FINLoginVC.m */; };
		F3C484741C6C111D0067A169 /* FINLoginVC.xib in Resources */ = {isa = PBXBuildFile; fileRef = F3C484721C6C111D0067A169 /* FINLoginVC.xib */; };
		F3C484781C75514D0067A169 /* FINMapVC.m in Sources */ = {isa = PBXBuildFile; fileRef = F3C484761C75514D0067A169 /* FINMapVC.m */; };
		F3C484791C75514D0067A169 /* FINMapVC.xib in Resources */ = {isa = PBXBuildFile; fileRef = F3C484771C75514D0067A169 /* FINMapVC.xib */; };
		F3FEAFE41DEBA19900953F7A /* FINMenuCell.m in Sources */ = {isa = PBXBuildFile; fileRef = F3FEAFE21DEBA19900953F7A /* FINMenuCell.m */; };
		F3FEAFE51DEBA19900953F7A /* FINMenuCell.xib in Resources */ = {isa = PBXBuildFile; fileRef = F3FEAFE31DEBA19900953F7A /* FINMenuCell.xib */; };
/* End PBXBuildFile section */

/* Begin PBXFileReference section */
		5E5599BA4D9D8DD51800A3C7 /* Pods-Help A Paw.debug.xcconfig */ = {isa = PBXFileReference; includeInIndex = 1; lastKnownFileType = text.xcconfig; name = "Pods-Help A Paw.debug.xcconfig"; path = "Pods/Target Support Files/Pods-Help A Paw/Pods-Help A Paw.debug.xcconfig"; sourceTree = "<group>"; };
		850A53F660CB027165B53E3D /* libPods-Help A Paw.a */ = {isa = PBXFileReference; explicitFileType = archive.ar; includeInIndex = 0; path = "libPods-Help A Paw.a"; sourceTree = BUILT_PRODUCTS_DIR; };
		E4BB6CBB4D18545AF9BA0A90 /* Pods-Help A Paw.release.xcconfig */ = {isa = PBXFileReference; includeInIndex = 1; lastKnownFileType = text.xcconfig; name = "Pods-Help A Paw.release.xcconfig"; path = "Pods/Target Support Files/Pods-Help A Paw/Pods-Help A Paw.release.xcconfig"; sourceTree = "<group>"; };
		F316CAE01C7A8B4000C4E00F /* FINAnnotation.h */ = {isa = PBXFileReference; fileEncoding = 4; lastKnownFileType = sourcecode.c.h; path = FINAnnotation.h; sourceTree = "<group>"; };
		F316CAE11C7A8B4000C4E00F /* FINAnnotation.m */ = {isa = PBXFileReference; fileEncoding = 4; lastKnownFileType = sourcecode.c.objc; path = FINAnnotation.m; sourceTree = "<group>"; };
		F31FDD271DC4ABFC00076B56 /* FINMenuVC.h */ = {isa = PBXFileReference; fileEncoding = 4; lastKnownFileType = sourcecode.c.h; path = FINMenuVC.h; sourceTree = "<group>"; };
		F31FDD281DC4ABFC00076B56 /* FINMenuVC.m */ = {isa = PBXFileReference; fileEncoding = 4; lastKnownFileType = sourcecode.c.objc; path = FINMenuVC.m; sourceTree = "<group>"; };
		F31FDD291DC4ABFC00076B56 /* FINMenuVC.xib */ = {isa = PBXFileReference; fileEncoding = 4; lastKnownFileType = file.xib; path = FINMenuVC.xib; sourceTree = "<group>"; };
		F32711CD1CCABC5D00E51AEA /* ic_call.png */ = {isa = PBXFileReference; lastKnownFileType = image.png; path = ic_call.png; sourceTree = "<group>"; };
		F32711CF1CCAFBAD00E51AEA /* ic_call@2x.png */ = {isa = PBXFileReference; lastKnownFileType = image.png; path = "ic_call@2x.png"; sourceTree = "<group>"; };
		F32711D01CCAFBAD00E51AEA /* ic_call@3x.png */ = {isa = PBXFileReference; lastKnownFileType = image.png; path = "ic_call@3x.png"; sourceTree = "<group>"; };
		F32711D31CCAFE7100E51AEA /* ic_camera.png */ = {isa = PBXFileReference; lastKnownFileType = image.png; path = ic_camera.png; sourceTree = "<group>"; };
		F32711D91CCB8CFF00E51AEA /* ic_camera@2x.png */ = {isa = PBXFileReference; lastKnownFileType = image.png; path = "ic_camera@2x.png"; sourceTree = "<group>"; };
		F32711DA1CCB8CFF00E51AEA /* ic_camera@3x.png */ = {isa = PBXFileReference; lastKnownFileType = image.png; path = "ic_camera@3x.png"; sourceTree = "<group>"; };
		F32711DD1CCCCA3D00E51AEA /* FINComment.h */ = {isa = PBXFileReference; fileEncoding = 4; lastKnownFileType = sourcecode.c.h; path = FINComment.h; sourceTree = "<group>"; };
		F32711DE1CCCCA3D00E51AEA /* FINComment.m */ = {isa = PBXFileReference; fileEncoding = 4; lastKnownFileType = sourcecode.c.objc; path = FINComment.m; sourceTree = "<group>"; };
		F33800051C8E3F320080FACD /* FINSignalDetailsVC.h */ = {isa = PBXFileReference; fileEncoding = 4; lastKnownFileType = sourcecode.c.h; path = FINSignalDetailsVC.h; sourceTree = "<group>"; };
		F33800061C8E3F320080FACD /* FINSignalDetailsVC.m */ = {isa = PBXFileReference; fileEncoding = 4; lastKnownFileType = sourcecode.c.objc; path = FINSignalDetailsVC.m; sourceTree = "<group>"; };
		F33800071C8E3F320080FACD /* FINSignalDetailsVC.xib */ = {isa = PBXFileReference; fileEncoding = 4; lastKnownFileType = file.xib; path = FINSignalDetailsVC.xib; sourceTree = "<group>"; };
		F338000A1C96325B0080FACD /* FINSignalDetailsCell.h */ = {isa = PBXFileReference; fileEncoding = 4; lastKnownFileType = sourcecode.c.h; path = FINSignalDetailsCell.h; sourceTree = "<group>"; };
		F338000B1C96325B0080FACD /* FINSignalDetailsCell.m */ = {isa = PBXFileReference; fileEncoding = 4; lastKnownFileType = sourcecode.c.objc; path = FINSignalDetailsCell.m; sourceTree = "<group>"; };
		F338000C1C96325B0080FACD /* FINSignalDetailsCell.xib */ = {isa = PBXFileReference; fileEncoding = 4; lastKnownFileType = file.xib; path = FINSignalDetailsCell.xib; sourceTree = "<group>"; };
		F33800111C9785A10080FACD /* pin_red.png */ = {isa = PBXFileReference; lastKnownFileType = image.png; path = pin_red.png; sourceTree = "<group>"; };
		F33800131C97872F0080FACD /* pin_red@2x.png */ = {isa = PBXFileReference; lastKnownFileType = image.png; path = "pin_red@2x.png"; sourceTree = "<group>"; };
		F33800151C978BA50080FACD /* pin_green.png */ = {isa = PBXFileReference; lastKnownFileType = image.png; path = pin_green.png; sourceTree = "<group>"; };
		F33800161C978BA50080FACD /* pin_green@2x.png */ = {isa = PBXFileReference; lastKnownFileType = image.png; path = "pin_green@2x.png"; sourceTree = "<group>"; };
		F33800171C978BA50080FACD /* pin_orange.png */ = {isa = PBXFileReference; lastKnownFileType = image.png; path = pin_orange.png; sourceTree = "<group>"; };
		F33800181C978BA50080FACD /* pin_orange@2x.png */ = {isa = PBXFileReference; lastKnownFileType = image.png; path = "pin_orange@2x.png"; sourceTree = "<group>"; };
		F338001D1C9888280080FACD /* FINGlobalConstants.pch */ = {isa = PBXFileReference; fileEncoding = 4; lastKnownFileType = sourcecode.c.h; path = FINGlobalConstants.pch; sourceTree = "<group>"; };
		F338001E1C98C59D0080FACD /* ic_add.png */ = {isa = PBXFileReference; lastKnownFileType = image.png; path = ic_add.png; sourceTree = "<group>"; };
		F33800201C98C7DF0080FACD /* ic_add@2x.png */ = {isa = PBXFileReference; lastKnownFileType = image.png; path = "ic_add@2x.png"; sourceTree = "<group>"; };
		F33800221C98CA350080FACD /* ic_menu.png */ = {isa = PBXFileReference; lastKnownFileType = image.png; path = ic_menu.png; sourceTree = "<group>"; };
		F33800241C98CAE70080FACD /* ic_menu@2x.png */ = {isa = PBXFileReference; lastKnownFileType = image.png; path = "ic_menu@2x.png"; sourceTree = "<group>"; };
		F35905F61E054EE800A61060 /* FINAboutVC.h */ = {isa = PBXFileReference; fileEncoding = 4; lastKnownFileType = sourcecode.c.h; path = FINAboutVC.h; sourceTree = "<group>"; };
		F35905F71E054EE800A61060 /* FINAboutVC.m */ = {isa = PBXFileReference; fileEncoding = 4; lastKnownFileType = sourcecode.c.objc; path = FINAboutVC.m; sourceTree = "<group>"; };
		F35905F81E054EE800A61060 /* FINAboutVC.xib */ = {isa = PBXFileReference; fileEncoding = 4; lastKnownFileType = file.xib; path = FINAboutVC.xib; sourceTree = "<group>"; };
		F35905FB1E0555D200A61060 /* ic_close_x.png */ = {isa = PBXFileReference; lastKnownFileType = image.png; path = ic_close_x.png; sourceTree = "<group>"; };
		F35905FC1E0555D200A61060 /* ic_close_x@2x.png */ = {isa = PBXFileReference; lastKnownFileType = image.png; path = "ic_close_x@2x.png"; sourceTree = "<group>"; };
		F35905FD1E0555D200A61060 /* ic_close_x@3x.png */ = {isa = PBXFileReference; lastKnownFileType = image.png; path = "ic_close_x@3x.png"; sourceTree = "<group>"; };
		F35906011E05821C00A61060 /* FINMailComposer.m */ = {isa = PBXFileReference; fileEncoding = 4; lastKnownFileType = sourcecode.c.objc; path = FINMailComposer.m; sourceTree = "<group>"; };
		F35906031E05823800A61060 /* FINMailComposer.h */ = {isa = PBXFileReference; lastKnownFileType = sourcecode.c.h; path = FINMailComposer.h; sourceTree = "<group>"; };
		F381ACCC1CE07E0B0050B238 /* FINError.h */ = {isa = PBXFileReference; fileEncoding = 4; lastKnownFileType = sourcecode.c.h; path = FINError.h; sourceTree = "<group>"; };
		F381ACCD1CE07E0B0050B238 /* FINError.m */ = {isa = PBXFileReference; fileEncoding = 4; lastKnownFileType = sourcecode.c.objc; path = FINError.m; sourceTree = "<group>"; };
		F38B72EB1C00E04F00FBE20C /* Help A Paw.app */ = {isa = PBXFileReference; explicitFileType = wrapper.application; includeInIndex = 0; path = "Help A Paw.app"; sourceTree = BUILT_PRODUCTS_DIR; };
		F38B72EF1C00E04F00FBE20C /* main.m */ = {isa = PBXFileReference; lastKnownFileType = sourcecode.c.objc; path = main.m; sourceTree = "<group>"; };
		F38B72F11C00E04F00FBE20C /* AppDelegate.h */ = {isa = PBXFileReference; lastKnownFileType = sourcecode.c.h; path = AppDelegate.h; sourceTree = "<group>"; };
		F38B72F21C00E04F00FBE20C /* AppDelegate.m */ = {isa = PBXFileReference; lastKnownFileType = sourcecode.c.objc; path = AppDelegate.m; sourceTree = "<group>"; };
		F38B72FD1C00E04F00FBE20C /* Assets.xcassets */ = {isa = PBXFileReference; lastKnownFileType = folder.assetcatalog; path = Assets.xcassets; sourceTree = "<group>"; };
		F38B73001C00E04F00FBE20C /* Base */ = {isa = PBXFileReference; lastKnownFileType = file.storyboard; name = Base; path = Base.lproj/LaunchScreen.storyboard; sourceTree = "<group>"; };
		F38B73021C00E04F00FBE20C /* Info.plist */ = {isa = PBXFileReference; lastKnownFileType = text.plist.xml; path = Info.plist; sourceTree = "<group>"; };
		F38B73081C00E39D00FBE20C /* MapKit.framework */ = {isa = PBXFileReference; lastKnownFileType = wrapper.framework; name = MapKit.framework; path = System/Library/Frameworks/MapKit.framework; sourceTree = SDKROOT; };
		F38B730A1C00F31200FBE20C /* CoreLocation.framework */ = {isa = PBXFileReference; lastKnownFileType = wrapper.framework; name = CoreLocation.framework; path = System/Library/Frameworks/CoreLocation.framework; sourceTree = SDKROOT; };
		F38B73141C04412A00FBE20C /* FINLocationManager.h */ = {isa = PBXFileReference; fileEncoding = 4; lastKnownFileType = sourcecode.c.h; path = FINLocationManager.h; sourceTree = "<group>"; };
		F38B73151C04412A00FBE20C /* FINLocationManager.m */ = {isa = PBXFileReference; fileEncoding = 4; lastKnownFileType = sourcecode.c.objc; path = FINLocationManager.m; sourceTree = "<group>"; };
		F39C392F1C99B59A007A2D8E /* FINSignalDetailsCommentCell.h */ = {isa = PBXFileReference; fileEncoding = 4; lastKnownFileType = sourcecode.c.h; path = FINSignalDetailsCommentCell.h; sourceTree = "<group>"; };
		F39C39301C99B59A007A2D8E /* FINSignalDetailsCommentCell.m */ = {isa = PBXFileReference; fileEncoding = 4; lastKnownFileType = sourcecode.c.objc; path = FINSignalDetailsCommentCell.m; sourceTree = "<group>"; };
		F39C39311C99B59A007A2D8E /* FINSignalDetailsCommentCell.xib */ = {isa = PBXFileReference; fileEncoding = 4; lastKnownFileType = file.xib; path = FINSignalDetailsCommentCell.xib; sourceTree = "<group>"; };
		F39C393A1C9A99F3007A2D8E /* logo.png */ = {isa = PBXFileReference; lastKnownFileType = image.png; path = logo.png; sourceTree = "<group>"; };
		F39C393E1C9D8C1C007A2D8E /* ic_dropdown.png */ = {isa = PBXFileReference; lastKnownFileType = image.png; path = ic_dropdown.png; sourceTree = "<group>"; };
		F39C393F1C9D8C1C007A2D8E /* ic_dropdown@2x.png */ = {isa = PBXFileReference; lastKnownFileType = image.png; path = "ic_dropdown@2x.png"; sourceTree = "<group>"; };
		F39C39401C9D8C1C007A2D8E /* ic_dropdown_reversed.png */ = {isa = PBXFileReference; lastKnownFileType = image.png; path = ic_dropdown_reversed.png; sourceTree = "<group>"; };
		F39C39411C9D8C1C007A2D8E /* ic_dropdown_reversed@2x.png */ = {isa = PBXFileReference; lastKnownFileType = image.png; path = "ic_dropdown_reversed@2x.png"; sourceTree = "<group>"; };
		F39C39421C9D8C1C007A2D8E /* ic_dropdown@3x.png */ = {isa = PBXFileReference; lastKnownFileType = image.png; path = "ic_dropdown@3x.png"; sourceTree = "<group>"; };
		F39C39431C9D8C1C007A2D8E /* ic_dropdown_reversed@3x.png */ = {isa = PBXFileReference; lastKnownFileType = image.png; path = "ic_dropdown_reversed@3x.png"; sourceTree = "<group>"; };
		F39C394A1C9EA305007A2D8E /* FINSignal.h */ = {isa = PBXFileReference; fileEncoding = 4; lastKnownFileType = sourcecode.c.h; path = FINSignal.h; sourceTree = "<group>"; };
		F39C394B1C9EA305007A2D8E /* FINSignal.m */ = {isa = PBXFileReference; fileEncoding = 4; lastKnownFileType = sourcecode.c.objc; path = FINSignal.m; sourceTree = "<group>"; };
		F3A6DC651C8488250050F9F3 /* FINDataManager.h */ = {isa = PBXFileReference; fileEncoding = 4; lastKnownFileType = sourcecode.c.h; path = FINDataManager.h; sourceTree = "<group>"; };
		F3A6DC661C8488250050F9F3 /* FINDataManager.m */ = {isa = PBXFileReference; fileEncoding = 4; lastKnownFileType = sourcecode.c.objc; path = FINDataManager.m; sourceTree = "<group>"; };
		F3A6DC691C84C0480050F9F3 /* ic_paw.png */ = {isa = PBXFileReference; lastKnownFileType = image.png; path = ic_paw.png; sourceTree = "<group>"; };
		F3C484701C6C111D0067A169 /* FINLoginVC.h */ = {isa = PBXFileReference; fileEncoding = 4; lastKnownFileType = sourcecode.c.h; path = FINLoginVC.h; sourceTree = "<group>"; };
		F3C484711C6C111D0067A169 /* FINLoginVC.m */ = {isa = PBXFileReference; fileEncoding = 4; lastKnownFileType = sourcecode.c.objc; path = FINLoginVC.m; sourceTree = "<group>"; };
		F3C484721C6C111D0067A169 /* FINLoginVC.xib */ = {isa = PBXFileReference; fileEncoding = 4; lastKnownFileType = file.xib; path = FINLoginVC.xib; sourceTree = "<group>"; };
		F3C484751C75514D0067A169 /* FINMapVC.h */ = {isa = PBXFileReference; fileEncoding = 4; lastKnownFileType = sourcecode.c.h; path = FINMapVC.h; sourceTree = "<group>"; };
		F3C484761C75514D0067A169 /* FINMapVC.m */ = {isa = PBXFileReference; fileEncoding = 4; lastKnownFileType = sourcecode.c.objc; path = FINMapVC.m; sourceTree = "<group>"; };
		F3C484771C75514D0067A169 /* FINMapVC.xib */ = {isa = PBXFileReference; fileEncoding = 4; lastKnownFileType = file.xib; path = FINMapVC.xib; sourceTree = "<group>"; };
		F3FEAFE11DEBA19900953F7A /* FINMenuCell.h */ = {isa = PBXFileReference; fileEncoding = 4; lastKnownFileType = sourcecode.c.h; path = FINMenuCell.h; sourceTree = "<group>"; };
		F3FEAFE21DEBA19900953F7A /* FINMenuCell.m */ = {isa = PBXFileReference; fileEncoding = 4; lastKnownFileType = sourcecode.c.objc; path = FINMenuCell.m; sourceTree = "<group>"; };
		F3FEAFE31DEBA19900953F7A /* FINMenuCell.xib */ = {isa = PBXFileReference; fileEncoding = 4; lastKnownFileType = file.xib; path = FINMenuCell.xib; sourceTree = "<group>"; };
/* End PBXFileReference section */

/* Begin PBXFrameworksBuildPhase section */
		F38B72E81C00E04F00FBE20C /* Frameworks */ = {
			isa = PBXFrameworksBuildPhase;
			buildActionMask = 2147483647;
			files = (
				F38B730B1C00F31200FBE20C /* CoreLocation.framework in Frameworks */,
				F38B73091C00E39D00FBE20C /* MapKit.framework in Frameworks */,
				ED3AC99355F5FD348F0DB9A2 /* libPods-Help A Paw.a in Frameworks */,
			);
			runOnlyForDeploymentPostprocessing = 0;
		};
/* End PBXFrameworksBuildPhase section */

/* Begin PBXGroup section */
		8E90546007900DD9E3332797 /* Pods */ = {
			isa = PBXGroup;
			children = (
				5E5599BA4D9D8DD51800A3C7 /* Pods-Help A Paw.debug.xcconfig */,
				E4BB6CBB4D18545AF9BA0A90 /* Pods-Help A Paw.release.xcconfig */,
			);
			name = Pods;
			sourceTree = "<group>";
		};
		CE84D0F938D153CA1EAC0401 /* Frameworks */ = {
			isa = PBXGroup;
			children = (
				850A53F660CB027165B53E3D /* libPods-Help A Paw.a */,
			);
			name = Frameworks;
			sourceTree = "<group>";
		};
		F38B72E21C00E04F00FBE20C = {
			isa = PBXGroup;
			children = (
				F3A6DC681C84C0480050F9F3 /* Resources */,
				F38B730A1C00F31200FBE20C /* CoreLocation.framework */,
				F38B73081C00E39D00FBE20C /* MapKit.framework */,
				F38B72ED1C00E04F00FBE20C /* FriendsInNeed */,
				F38B72EC1C00E04F00FBE20C /* Products */,
				8E90546007900DD9E3332797 /* Pods */,
				CE84D0F938D153CA1EAC0401 /* Frameworks */,
			);
			sourceTree = "<group>";
		};
		F38B72EC1C00E04F00FBE20C /* Products */ = {
			isa = PBXGroup;
			children = (
				F38B72EB1C00E04F00FBE20C /* Help A Paw.app */,
			);
			name = Products;
			sourceTree = "<group>";
		};
		F38B72ED1C00E04F00FBE20C /* FriendsInNeed */ = {
			isa = PBXGroup;
			children = (
				F38B72EE1C00E04F00FBE20C /* Supporting Files */,
				F38B73021C00E04F00FBE20C /* Info.plist */,
				F38B72FD1C00E04F00FBE20C /* Assets.xcassets */,
				F38B72FF1C00E04F00FBE20C /* LaunchScreen.storyboard */,
				F38B72F11C00E04F00FBE20C /* AppDelegate.h */,
				F38B72F21C00E04F00FBE20C /* AppDelegate.m */,
				F3C484701C6C111D0067A169 /* FINLoginVC.h */,
				F3C484711C6C111D0067A169 /* FINLoginVC.m */,
				F3C484721C6C111D0067A169 /* FINLoginVC.xib */,
				F3C484751C75514D0067A169 /* FINMapVC.h */,
				F3C484761C75514D0067A169 /* FINMapVC.m */,
				F3C484771C75514D0067A169 /* FINMapVC.xib */,
				F33800051C8E3F320080FACD /* FINSignalDetailsVC.h */,
				F33800061C8E3F320080FACD /* FINSignalDetailsVC.m */,
				F33800071C8E3F320080FACD /* FINSignalDetailsVC.xib */,
				F338000A1C96325B0080FACD /* FINSignalDetailsCell.h */,
				F338000B1C96325B0080FACD /* FINSignalDetailsCell.m */,
				F338000C1C96325B0080FACD /* FINSignalDetailsCell.xib */,
				F39C392F1C99B59A007A2D8E /* FINSignalDetailsCommentCell.h */,
				F39C39301C99B59A007A2D8E /* FINSignalDetailsCommentCell.m */,
				F39C39311C99B59A007A2D8E /* FINSignalDetailsCommentCell.xib */,
				F38B73141C04412A00FBE20C /* FINLocationManager.h */,
				F38B73151C04412A00FBE20C /* FINLocationManager.m */,
				F3A6DC651C8488250050F9F3 /* FINDataManager.h */,
				F3A6DC661C8488250050F9F3 /* FINDataManager.m */,
				F31FDD271DC4ABFC00076B56 /* FINMenuVC.h */,
				F31FDD281DC4ABFC00076B56 /* FINMenuVC.m */,
				F31FDD291DC4ABFC00076B56 /* FINMenuVC.xib */,
				F39C394D1C9EA428007A2D8E /* Models */,
				F3FEAFE11DEBA19900953F7A /* FINMenuCell.h */,
				F3FEAFE21DEBA19900953F7A /* FINMenuCell.m */,
				F3FEAFE31DEBA19900953F7A /* FINMenuCell.xib */,
				F35905F61E054EE800A61060 /* FINAboutVC.h */,
				F35905F71E054EE800A61060 /* FINAboutVC.m */,
				F35905F81E054EE800A61060 /* FINAboutVC.xib */,
				F35906031E05823800A61060 /* FINMailComposer.h */,
				F35906011E05821C00A61060 /* FINMailComposer.m */,
			);
			path = FriendsInNeed;
			sourceTree = "<group>";
		};
		F38B72EE1C00E04F00FBE20C /* Supporting Files */ = {
			isa = PBXGroup;
			children = (
				F338001D1C9888280080FACD /* FINGlobalConstants.pch */,
				F38B72EF1C00E04F00FBE20C /* main.m */,
			);
			name = "Supporting Files";
			sourceTree = "<group>";
		};
		F39C394D1C9EA428007A2D8E /* Models */ = {
			isa = PBXGroup;
			children = (
				F39C394A1C9EA305007A2D8E /* FINSignal.h */,
				F39C394B1C9EA305007A2D8E /* FINSignal.m */,
				F316CAE01C7A8B4000C4E00F /* FINAnnotation.h */,
				F316CAE11C7A8B4000C4E00F /* FINAnnotation.m */,
				F32711DD1CCCCA3D00E51AEA /* FINComment.h */,
				F32711DE1CCCCA3D00E51AEA /* FINComment.m */,
				F381ACCC1CE07E0B0050B238 /* FINError.h */,
				F381ACCD1CE07E0B0050B238 /* FINError.m */,
			);
			name = Models;
			sourceTree = "<group>";
		};
		F3A6DC681C84C0480050F9F3 /* Resources */ = {
			isa = PBXGroup;
			children = (
				F35905FB1E0555D200A61060 /* ic_close_x.png */,
				F35905FC1E0555D200A61060 /* ic_close_x@2x.png */,
				F35905FD1E0555D200A61060 /* ic_close_x@3x.png */,
				F32711D31CCAFE7100E51AEA /* ic_camera.png */,
				F32711D91CCB8CFF00E51AEA /* ic_camera@2x.png */,
				F32711DA1CCB8CFF00E51AEA /* ic_camera@3x.png */,
				F32711CD1CCABC5D00E51AEA /* ic_call.png */,
				F32711CF1CCAFBAD00E51AEA /* ic_call@2x.png */,
				F32711D01CCAFBAD00E51AEA /* ic_call@3x.png */,
				F39C393E1C9D8C1C007A2D8E /* ic_dropdown.png */,
				F39C393F1C9D8C1C007A2D8E /* ic_dropdown@2x.png */,
				F39C39401C9D8C1C007A2D8E /* ic_dropdown_reversed.png */,
				F39C39411C9D8C1C007A2D8E /* ic_dropdown_reversed@2x.png */,
				F39C39421C9D8C1C007A2D8E /* ic_dropdown@3x.png */,
				F39C39431C9D8C1C007A2D8E /* ic_dropdown_reversed@3x.png */,
				F39C393A1C9A99F3007A2D8E /* logo.png */,
				F33800221C98CA350080FACD /* ic_menu.png */,
				F33800241C98CAE70080FACD /* ic_menu@2x.png */,
				F338001E1C98C59D0080FACD /* ic_add.png */,
				F33800201C98C7DF0080FACD /* ic_add@2x.png */,
				F33800151C978BA50080FACD /* pin_green.png */,
				F33800161C978BA50080FACD /* pin_green@2x.png */,
				F33800171C978BA50080FACD /* pin_orange.png */,
				F33800181C978BA50080FACD /* pin_orange@2x.png */,
				F33800131C97872F0080FACD /* pin_red@2x.png */,
				F33800111C9785A10080FACD /* pin_red.png */,
				F3A6DC691C84C0480050F9F3 /* ic_paw.png */,
			);
			name = Resources;
			path = FriendsInNeed/Resources;
			sourceTree = "<group>";
		};
/* End PBXGroup section */

/* Begin PBXNativeTarget section */
		F38B72EA1C00E04F00FBE20C /* Help A Paw */ = {
			isa = PBXNativeTarget;
			buildConfigurationList = F38B73051C00E04F00FBE20C /* Build configuration list for PBXNativeTarget "Help A Paw" */;
			buildPhases = (
				06338AEF86EDAAC628D667F9 /* [CP] Check Pods Manifest.lock */,
				F38B72E71C00E04F00FBE20C /* Sources */,
				F38B72E81C00E04F00FBE20C /* Frameworks */,
				F38B72E91C00E04F00FBE20C /* Resources */,
				FCDABA93DD9378850C7334DA /* [CP] Embed Pods Frameworks */,
				AFB23CDC957966B2E62B51AC /* [CP] Copy Pods Resources */,
			);
			buildRules = (
			);
			dependencies = (
			);
			name = "Help A Paw";
			productName = FriendsInNeed;
			productReference = F38B72EB1C00E04F00FBE20C /* Help A Paw.app */;
			productType = "com.apple.product-type.application";
		};
/* End PBXNativeTarget section */

/* Begin PBXProject section */
		F38B72E31C00E04F00FBE20C /* Project object */ = {
			isa = PBXProject;
			attributes = {
				LastUpgradeCheck = 0810;
				ORGANIZATIONNAME = Milen;
				TargetAttributes = {
					F38B72EA1C00E04F00FBE20C = {
						CreatedOnToolsVersion = 7.1.1;
						DevelopmentTeam = NJRZ88GCVL;
						SystemCapabilities = {
							com.apple.BackgroundModes = {
								enabled = 1;
							};
						};
					};
				};
			};
			buildConfigurationList = F38B72E61C00E04F00FBE20C /* Build configuration list for PBXProject "FriendsInNeed" */;
			compatibilityVersion = "Xcode 3.2";
			developmentRegion = English;
			hasScannedForEncodings = 0;
			knownRegions = (
				en,
				Base,
			);
			mainGroup = F38B72E21C00E04F00FBE20C;
			productRefGroup = F38B72EC1C00E04F00FBE20C /* Products */;
			projectDirPath = "";
			projectRoot = "";
			targets = (
				F38B72EA1C00E04F00FBE20C /* Help A Paw */,
			);
		};
/* End PBXProject section */

/* Begin PBXResourcesBuildPhase section */
		F38B72E91C00E04F00FBE20C /* Resources */ = {
			isa = PBXResourcesBuildPhase;
			buildActionMask = 2147483647;
			files = (
				F32711CE1CCABC5D00E51AEA /* ic_call.png in Resources */,
				F39C39491C9D8C1C007A2D8E /* ic_dropdown_reversed@3x.png in Resources */,
				F32711DC1CCB8CFF00E51AEA /* ic_camera@3x.png in Resources */,
				F32711D61CCAFE7100E51AEA /* ic_camera.png in Resources */,
				F3A6DC6A1C84C0480050F9F3 /* ic_paw.png in Resources */,
				F33800091C8E3F320080FACD /* FINSignalDetailsVC.xib in Resources */,
				F38B73011C00E04F00FBE20C /* LaunchScreen.storyboard in Resources */,
				F33800211C98C7DF0080FACD /* ic_add@2x.png in Resources */,
				F32711D11CCAFBAD00E51AEA /* ic_call@2x.png in Resources */,
				F31FDD2B1DC4ABFC00076B56 /* FINMenuVC.xib in Resources */,
				F338001C1C978BA50080FACD /* pin_orange@2x.png in Resources */,
				F33800141C97872F0080FACD /* pin_red@2x.png in Resources */,
				F39C39461C9D8C1C007A2D8E /* ic_dropdown_reversed.png in Resources */,
				F38B72FE1C00E04F00FBE20C /* Assets.xcassets in Resources */,
				F338000E1C96325B0080FACD /* FINSignalDetailsCell.xib in Resources */,
				F3C484741C6C111D0067A169 /* FINLoginVC.xib in Resources */,
				F39C39441C9D8C1C007A2D8E /* ic_dropdown.png in Resources */,
				F32711DB1CCB8CFF00E51AEA /* ic_camera@2x.png in Resources */,
				F338001B1C978BA50080FACD /* pin_orange.png in Resources */,
				F3FEAFE51DEBA19900953F7A /* FINMenuCell.xib in Resources */,
				F39C39481C9D8C1C007A2D8E /* ic_dropdown@3x.png in Resources */,
				F338001F1C98C59D0080FACD /* ic_add.png in Resources */,
				F35905FF1E0555D200A61060 /* ic_close_x@2x.png in Resources */,
				F33800191C978BA50080FACD /* pin_green.png in Resources */,
				F32711D21CCAFBAD00E51AEA /* ic_call@3x.png in Resources */,
				F39C39471C9D8C1C007A2D8E /* ic_dropdown_reversed@2x.png in Resources */,
				F39C39331C99B59A007A2D8E /* FINSignalDetailsCommentCell.xib in Resources */,
				F33800251C98CAE70080FACD /* ic_menu@2x.png in Resources */,
				F338001A1C978BA50080FACD /* pin_green@2x.png in Resources */,
				F35905FA1E054EE800A61060 /* FINAboutVC.xib in Resources */,
				F39C39451C9D8C1C007A2D8E /* ic_dropdown@2x.png in Resources */,
				F39C393B1C9A99F3007A2D8E /* logo.png in Resources */,
				F35905FE1E0555D200A61060 /* ic_close_x.png in Resources */,
				F3C484791C75514D0067A169 /* FINMapVC.xib in Resources */,
				F33800231C98CA350080FACD /* ic_menu.png in Resources */,
				F35906001E0555D200A61060 /* ic_close_x@3x.png in Resources */,
				F33800121C9785A10080FACD /* pin_red.png in Resources */,
			);
			runOnlyForDeploymentPostprocessing = 0;
		};
/* End PBXResourcesBuildPhase section */

/* Begin PBXShellScriptBuildPhase section */
		06338AEF86EDAAC628D667F9 /* [CP] Check Pods Manifest.lock */ = {
			isa = PBXShellScriptBuildPhase;
			buildActionMask = 2147483647;
			files = (
			);
			inputPaths = (
			);
			name = "[CP] Check Pods Manifest.lock";
			outputPaths = (
			);
			runOnlyForDeploymentPostprocessing = 0;
			shellPath = /bin/sh;
			shellScript = "diff \"${PODS_ROOT}/../Podfile.lock\" \"${PODS_ROOT}/Manifest.lock\" > /dev/null\nif [[ $? != 0 ]] ; then\n    cat << EOM\nerror: The sandbox is not in sync with the Podfile.lock. Run 'pod install' or update your CocoaPods installation.\nEOM\n    exit 1\nfi\n";
			showEnvVarsInLog = 0;
		};
		AFB23CDC957966B2E62B51AC /* [CP] Copy Pods Resources */ = {
			isa = PBXShellScriptBuildPhase;
			buildActionMask = 2147483647;
			files = (
			);
			inputPaths = (
			);
			name = "[CP] Copy Pods Resources";
			outputPaths = (
			);
			runOnlyForDeploymentPostprocessing = 0;
			shellPath = /bin/sh;
			shellScript = "\"${SRCROOT}/Pods/Target Support Files/Pods-Help A Paw/Pods-Help A Paw-resources.sh\"\n";
			showEnvVarsInLog = 0;
		};
		FCDABA93DD9378850C7334DA /* [CP] Embed Pods Frameworks */ = {
			isa = PBXShellScriptBuildPhase;
			buildActionMask = 2147483647;
			files = (
			);
			inputPaths = (
			);
			name = "[CP] Embed Pods Frameworks";
			outputPaths = (
			);
			runOnlyForDeploymentPostprocessing = 0;
			shellPath = /bin/sh;
			shellScript = "\"${SRCROOT}/Pods/Target Support Files/Pods-Help A Paw/Pods-Help A Paw-frameworks.sh\"\n";
			showEnvVarsInLog = 0;
		};
/* End PBXShellScriptBuildPhase section */

/* Begin PBXSourcesBuildPhase section */
		F38B72E71C00E04F00FBE20C /* Sources */ = {
			isa = PBXSourcesBuildPhase;
			buildActionMask = 2147483647;
			files = (
				F39C39321C99B59A007A2D8E /* FINSignalDetailsCommentCell.m in Sources */,
				F3C484781C75514D0067A169 /* FINMapVC.m in Sources */,
				F33800081C8E3F320080FACD /* FINSignalDetailsVC.m in Sources */,
				F3C484731C6C111D0067A169 /* FINLoginVC.m in Sources */,
				F316CAE21C7A8B4000C4E00F /* FINAnnotation.m in Sources */,
				F39C394C1C9EA305007A2D8E /* FINSignal.m in Sources */,
				F338000D1C96325B0080FACD /* FINSignalDetailsCell.m in Sources */,
				F381ACCE1CE07E0B0050B238 /* FINError.m in Sources */,
				F35905F91E054EE800A61060 /* FINAboutVC.m in Sources */,
				F3A6DC671C8488250050F9F3 /* FINDataManager.m in Sources */,
				F38B72F31C00E04F00FBE20C /* AppDelegate.m in Sources */,
				F3FEAFE41DEBA19900953F7A /* FINMenuCell.m in Sources */,
				F38B73161C04412A00FBE20C /* FINLocationManager.m in Sources */,
				F38B72F01C00E04F00FBE20C /* main.m in Sources */,
				F35906021E05821C00A61060 /* FINMailComposer.m in Sources */,
				F32711DF1CCCCA3D00E51AEA /* FINComment.m in Sources */,
				F31FDD2A1DC4ABFC00076B56 /* FINMenuVC.m in Sources */,
			);
			runOnlyForDeploymentPostprocessing = 0;
		};
/* End PBXSourcesBuildPhase section */

/* Begin PBXVariantGroup section */
		F38B72FF1C00E04F00FBE20C /* LaunchScreen.storyboard */ = {
			isa = PBXVariantGroup;
			children = (
				F38B73001C00E04F00FBE20C /* Base */,
			);
			name = LaunchScreen.storyboard;
			sourceTree = "<group>";
		};
/* End PBXVariantGroup section */

/* Begin XCBuildConfiguration section */
		F38B73031C00E04F00FBE20C /* Debug */ = {
			isa = XCBuildConfiguration;
			buildSettings = {
				ALWAYS_SEARCH_USER_PATHS = NO;
				CLANG_CXX_LANGUAGE_STANDARD = "gnu++0x";
				CLANG_CXX_LIBRARY = "libc++";
				CLANG_ENABLE_MODULES = YES;
				CLANG_ENABLE_OBJC_ARC = YES;
				CLANG_WARN_BOOL_CONVERSION = YES;
				CLANG_WARN_CONSTANT_CONVERSION = YES;
				CLANG_WARN_DIRECT_OBJC_ISA_USAGE = YES_ERROR;
				CLANG_WARN_EMPTY_BODY = YES;
				CLANG_WARN_ENUM_CONVERSION = YES;
				CLANG_WARN_INFINITE_RECURSION = YES;
				CLANG_WARN_INT_CONVERSION = YES;
				CLANG_WARN_OBJC_ROOT_CLASS = YES_ERROR;
				CLANG_WARN_SUSPICIOUS_MOVE = YES;
				CLANG_WARN_UNREACHABLE_CODE = YES;
				CLANG_WARN__DUPLICATE_METHOD_MATCH = YES;
				"CODE_SIGN_IDENTITY[sdk=iphoneos*]" = "iPhone Developer";
				COPY_PHASE_STRIP = NO;
				DEBUG_INFORMATION_FORMAT = dwarf;
				ENABLE_STRICT_OBJC_MSGSEND = YES;
				ENABLE_TESTABILITY = YES;
				GCC_C_LANGUAGE_STANDARD = gnu99;
				GCC_DYNAMIC_NO_PIC = NO;
				GCC_NO_COMMON_BLOCKS = YES;
				GCC_OPTIMIZATION_LEVEL = 0;
				GCC_PREPROCESSOR_DEFINITIONS = (
					"DEBUG=1",
					"$(inherited)",
				);
				GCC_WARN_64_TO_32_BIT_CONVERSION = YES;
				GCC_WARN_ABOUT_RETURN_TYPE = YES_ERROR;
				GCC_WARN_UNDECLARED_SELECTOR = YES;
				GCC_WARN_UNINITIALIZED_AUTOS = YES_AGGRESSIVE;
				GCC_WARN_UNUSED_FUNCTION = YES;
				GCC_WARN_UNUSED_VARIABLE = YES;
				IPHONEOS_DEPLOYMENT_TARGET = 9.1;
				MTL_ENABLE_DEBUG_INFO = YES;
				ONLY_ACTIVE_ARCH = YES;
				SDKROOT = iphoneos;
				TARGETED_DEVICE_FAMILY = "1,2";
			};
			name = Debug;
		};
		F38B73041C00E04F00FBE20C /* Release */ = {
			isa = XCBuildConfiguration;
			buildSettings = {
				ALWAYS_SEARCH_USER_PATHS = NO;
				CLANG_CXX_LANGUAGE_STANDARD = "gnu++0x";
				CLANG_CXX_LIBRARY = "libc++";
				CLANG_ENABLE_MODULES = YES;
				CLANG_ENABLE_OBJC_ARC = YES;
				CLANG_WARN_BOOL_CONVERSION = YES;
				CLANG_WARN_CONSTANT_CONVERSION = YES;
				CLANG_WARN_DIRECT_OBJC_ISA_USAGE = YES_ERROR;
				CLANG_WARN_EMPTY_BODY = YES;
				CLANG_WARN_ENUM_CONVERSION = YES;
				CLANG_WARN_INFINITE_RECURSION = YES;
				CLANG_WARN_INT_CONVERSION = YES;
				CLANG_WARN_OBJC_ROOT_CLASS = YES_ERROR;
				CLANG_WARN_SUSPICIOUS_MOVE = YES;
				CLANG_WARN_UNREACHABLE_CODE = YES;
				CLANG_WARN__DUPLICATE_METHOD_MATCH = YES;
				"CODE_SIGN_IDENTITY[sdk=iphoneos*]" = "iPhone Developer";
				COPY_PHASE_STRIP = NO;
				DEBUG_INFORMATION_FORMAT = "dwarf-with-dsym";
				ENABLE_NS_ASSERTIONS = NO;
				ENABLE_STRICT_OBJC_MSGSEND = YES;
				GCC_C_LANGUAGE_STANDARD = gnu99;
				GCC_NO_COMMON_BLOCKS = YES;
				GCC_WARN_64_TO_32_BIT_CONVERSION = YES;
				GCC_WARN_ABOUT_RETURN_TYPE = YES_ERROR;
				GCC_WARN_UNDECLARED_SELECTOR = YES;
				GCC_WARN_UNINITIALIZED_AUTOS = YES_AGGRESSIVE;
				GCC_WARN_UNUSED_FUNCTION = YES;
				GCC_WARN_UNUSED_VARIABLE = YES;
				IPHONEOS_DEPLOYMENT_TARGET = 9.1;
				MTL_ENABLE_DEBUG_INFO = NO;
				SDKROOT = iphoneos;
				TARGETED_DEVICE_FAMILY = "1,2";
				VALIDATE_PRODUCT = YES;
			};
			name = Release;
		};
		F38B73061C00E04F00FBE20C /* Debug */ = {
			isa = XCBuildConfiguration;
			baseConfigurationReference = 5E5599BA4D9D8DD51800A3C7 /* Pods-Help A Paw.debug.xcconfig */;
			buildSettings = {
				ASSETCATALOG_COMPILER_APPICON_NAME = AppIcon;
				DEVELOPMENT_TEAM = NJRZ88GCVL;
				INFOPLIST_FILE = FriendsInNeed/Info.plist;
				LD_RUNPATH_SEARCH_PATHS = "$(inherited) @executable_path/Frameworks";
				PRODUCT_BUNDLE_IDENTIFIER = com.Milen.FriendsInNeed;
				PRODUCT_NAME = "$(TARGET_NAME)";
			};
			name = Debug;
		};
		F38B73071C00E04F00FBE20C /* Release */ = {
			isa = XCBuildConfiguration;
			baseConfigurationReference = E4BB6CBB4D18545AF9BA0A90 /* Pods-Help A Paw.release.xcconfig */;
			buildSettings = {
				ASSETCATALOG_COMPILER_APPICON_NAME = AppIcon;
				DEVELOPMENT_TEAM = NJRZ88GCVL;
				INFOPLIST_FILE = FriendsInNeed/Info.plist;
				LD_RUNPATH_SEARCH_PATHS = "$(inherited) @executable_path/Frameworks";
				PRODUCT_BUNDLE_IDENTIFIER = com.Milen.FriendsInNeed;
				PRODUCT_NAME = "$(TARGET_NAME)";
			};
			name = Release;
		};
/* End XCBuildConfiguration section */

/* Begin XCConfigurationList section */
		F38B72E61C00E04F00FBE20C /* Build configuration list for PBXProject "FriendsInNeed" */ = {
			isa = XCConfigurationList;
			buildConfigurations = (
				F38B73031C00E04F00FBE20C /* Debug */,
				F38B73041C00E04F00FBE20C /* Release */,
			);
			defaultConfigurationIsVisible = 0;
			defaultConfigurationName = Release;
		};
		F38B73051C00E04F00FBE20C /* Build configuration list for PBXNativeTarget "Help A Paw" */ = {
			isa = XCConfigurationList;
			buildConfigurations = (
				F38B73061C00E04F00FBE20C /* Debug */,
				F38B73071C00E04F00FBE20C /* Release */,
			);
			defaultConfigurationIsVisible = 0;
			defaultConfigurationName = Release;
		};
/* End XCConfigurationList section */
	};
	rootObject = F38B72E31C00E04F00FBE20C /* Project object */;
}
